
Microsoft Visual Studio Solution File, Format Version 12.00
Project("{FAE04EC0-301F-11D3-BF4B-00C04F79EFBC}") = "Sample.ConsoleApp", "sample\Sample.ConsoleApp\Sample.ConsoleApp.csproj", "{AC9E0690-6326-4AF5-B067-DF4BC6E1E8CA}"
EndProject
Project("{FAE04EC0-301F-11D3-BF4B-00C04F79EFBC}") = "Mediator.Switch.SourceGenerator", "src\Mediator.Switch.SourceGenerator\Mediator.Switch.SourceGenerator.csproj", "{38F93217-BFA4-48AC-90FE-F325F3B6A0E6}"
EndProject
Project("{FAE04EC0-301F-11D3-BF4B-00C04F79EFBC}") = "Mediator.Switch.SourceGenerator.Tests", "test\Mediator.Switch.SourceGenerator.Tests\Mediator.Switch.SourceGenerator.Tests.csproj", "{2DCBAB87-93B4-402B-8069-4DEDC74989FF}"
EndProject
Project("{FAE04EC0-301F-11D3-BF4B-00C04F79EFBC}") = "Mediator.Switch.Extensions.Microsoft.DependencyInjection", "src\Mediator.Switch.Extensions.Microsoft.DependencyInjection\Mediator.Switch.Extensions.Microsoft.DependencyInjection.csproj", "{3D567832-FBB1-4345-B3D8-52B6C2BCBF8E}"
EndProject
Project("{2150E333-8FDC-42A3-9474-1A3956D46DE8}") = ".scripts", ".scripts", "{268F0EF8-7191-49BF-874B-C5E7D0E7E02F}"
	ProjectSection(SolutionItems) = preProject
		scripts\publish.sh = scripts\publish.sh
		benchmark\run_benchmarks.sh = benchmark\run_benchmarks.sh
		benchmark\run_benchmarks.bat = benchmark\run_benchmarks.bat
	EndProjectSection
EndProject
Project("{FAE04EC0-301F-11D3-BF4B-00C04F79EFBC}") = "Mediator.Switch", "src\Mediator.Switch\Mediator.Switch.csproj", "{CAF19E98-2C50-4B9D-B15D-F73606FBFE8E}"
EndProject
Project("{2150E333-8FDC-42A3-9474-1A3956D46DE8}") = ".github", ".github", "{07C1945F-F0B2-4E76-927C-0105DABC0098}"
EndProject
Project("{2150E333-8FDC-42A3-9474-1A3956D46DE8}") = "workflows", "workflows", "{EFECD70B-6FDE-4BE5-9690-8669FE53204A}"
	ProjectSection(SolutionItems) = preProject
		.github\workflows\dotnet.yml = .github\workflows\dotnet.yml
		.github\workflows\publish.yml = .github\workflows\publish.yml
	EndProjectSection
EndProject
Project("{2150E333-8FDC-42A3-9474-1A3956D46DE8}") = ".docs", ".docs", "{AD6BCB6E-BCF2-4356-A7C2-E003B38BD8F2}"
	ProjectSection(SolutionItems) = preProject
		README.md = README.md
	EndProjectSection
EndProject
Project("{FAE04EC0-301F-11D3-BF4B-00C04F79EFBC}") = "Mediator.Switch.Tests", "test\Mediator.Switch.Tests\Mediator.Switch.Tests.csproj", "{B955FBC2-21BF-441C-8157-CEA69C9503B1}"
EndProject
Project("{FAE04EC0-301F-11D3-BF4B-00C04F79EFBC}") = "Mediator.Switch.Benchmark.Generator", "benchmark\Mediator.Switch.Benchmark.Generator\Mediator.Switch.Benchmark.Generator.csproj", "{89E9E3D4-B09A-416D-9071-6B878E746659}"
EndProject
Project("{2150E333-8FDC-42A3-9474-1A3956D46DE8}") = "Benchmarks", "Benchmarks", "{43FD6F8E-2121-4BF4-AB73-8F43C82887A3}"
EndProject
Project("{2150E333-8FDC-42A3-9474-1A3956D46DE8}") = "Samples", "Samples", "{7B7A5648-85F7-4DE9-8C4C-B43863530F5E}"
EndProject
Project("{FAE04EC0-301F-11D3-BF4B-00C04F79EFBC}") = "Mediator.Switch.Benchmark", "benchmark\Mediator.Switch.Benchmark\Mediator.Switch.Benchmark.csproj", "{6EE020CB-FADC-41C0-81F9-83FA8724BC9C}"
EndProject
Project("{FAE04EC0-301F-11D3-BF4B-00C04F79EFBC}") = "Mediator.Switch.Tests.Referenced", "test\Mediator.Switch.Tests.Referenced\Mediator.Switch.Tests.Referenced.csproj", "{DF08A605-9749-4C75-95FB-53CD57209D1E}"
EndProject
Project("{FAE04EC0-301F-11D3-BF4B-00C04F79EFBC}") = "Mediator.Switch.Analyzer", "src\Mediator.Switch.Analyzer\Mediator.Switch.Analyzer.csproj", "{5523A229-D654-4A29-B117-F2581447A56E}"
EndProject
Global
	GlobalSection(SolutionConfigurationPlatforms) = preSolution
		Debug|Any CPU = Debug|Any CPU
		Release|Any CPU = Release|Any CPU
	EndGlobalSection
	GlobalSection(ProjectConfigurationPlatforms) = postSolution
		{AC9E0690-6326-4AF5-B067-DF4BC6E1E8CA}.Debug|Any CPU.ActiveCfg = Debug|Any CPU
		{AC9E0690-6326-4AF5-B067-DF4BC6E1E8CA}.Debug|Any CPU.Build.0 = Debug|Any CPU
		{AC9E0690-6326-4AF5-B067-DF4BC6E1E8CA}.Release|Any CPU.ActiveCfg = Release|Any CPU
		{AC9E0690-6326-4AF5-B067-DF4BC6E1E8CA}.Release|Any CPU.Build.0 = Release|Any CPU
		{38F93217-BFA4-48AC-90FE-F325F3B6A0E6}.Debug|Any CPU.ActiveCfg = Debug|Any CPU
		{38F93217-BFA4-48AC-90FE-F325F3B6A0E6}.Debug|Any CPU.Build.0 = Debug|Any CPU
		{38F93217-BFA4-48AC-90FE-F325F3B6A0E6}.Release|Any CPU.ActiveCfg = Release|Any CPU
		{38F93217-BFA4-48AC-90FE-F325F3B6A0E6}.Release|Any CPU.Build.0 = Release|Any CPU
		{2DCBAB87-93B4-402B-8069-4DEDC74989FF}.Debug|Any CPU.ActiveCfg = Debug|Any CPU
		{2DCBAB87-93B4-402B-8069-4DEDC74989FF}.Debug|Any CPU.Build.0 = Debug|Any CPU
		{2DCBAB87-93B4-402B-8069-4DEDC74989FF}.Release|Any CPU.ActiveCfg = Release|Any CPU
		{2DCBAB87-93B4-402B-8069-4DEDC74989FF}.Release|Any CPU.Build.0 = Release|Any CPU
		{3D567832-FBB1-4345-B3D8-52B6C2BCBF8E}.Debug|Any CPU.ActiveCfg = Debug|Any CPU
		{3D567832-FBB1-4345-B3D8-52B6C2BCBF8E}.Debug|Any CPU.Build.0 = Debug|Any CPU
		{3D567832-FBB1-4345-B3D8-52B6C2BCBF8E}.Release|Any CPU.ActiveCfg = Release|Any CPU
		{3D567832-FBB1-4345-B3D8-52B6C2BCBF8E}.Release|Any CPU.Build.0 = Release|Any CPU
		{CAF19E98-2C50-4B9D-B15D-F73606FBFE8E}.Debug|Any CPU.ActiveCfg = Debug|Any CPU
		{CAF19E98-2C50-4B9D-B15D-F73606FBFE8E}.Debug|Any CPU.Build.0 = Debug|Any CPU
		{CAF19E98-2C50-4B9D-B15D-F73606FBFE8E}.Release|Any CPU.ActiveCfg = Release|Any CPU
		{CAF19E98-2C50-4B9D-B15D-F73606FBFE8E}.Release|Any CPU.Build.0 = Release|Any CPU
		{B955FBC2-21BF-441C-8157-CEA69C9503B1}.Debug|Any CPU.ActiveCfg = Debug|Any CPU
		{B955FBC2-21BF-441C-8157-CEA69C9503B1}.Debug|Any CPU.Build.0 = Debug|Any CPU
		{B955FBC2-21BF-441C-8157-CEA69C9503B1}.Release|Any CPU.ActiveCfg = Release|Any CPU
		{B955FBC2-21BF-441C-8157-CEA69C9503B1}.Release|Any CPU.Build.0 = Release|Any CPU
		{89E9E3D4-B09A-416D-9071-6B878E746659}.Debug|Any CPU.ActiveCfg = Debug|Any CPU
		{89E9E3D4-B09A-416D-9071-6B878E746659}.Debug|Any CPU.Build.0 = Debug|Any CPU
		{89E9E3D4-B09A-416D-9071-6B878E746659}.Release|Any CPU.ActiveCfg = Release|Any CPU
		{89E9E3D4-B09A-416D-9071-6B878E746659}.Release|Any CPU.Build.0 = Release|Any CPU
		{6EE020CB-FADC-41C0-81F9-83FA8724BC9C}.Debug|Any CPU.ActiveCfg = Debug|Any CPU
		{6EE020CB-FADC-41C0-81F9-83FA8724BC9C}.Debug|Any CPU.Build.0 = Debug|Any CPU
		{6EE020CB-FADC-41C0-81F9-83FA8724BC9C}.Release|Any CPU.ActiveCfg = Release|Any CPU
		{6EE020CB-FADC-41C0-81F9-83FA8724BC9C}.Release|Any CPU.Build.0 = Release|Any CPU
		{DF08A605-9749-4C75-95FB-53CD57209D1E}.Debug|Any CPU.ActiveCfg = Debug|Any CPU
		{DF08A605-9749-4C75-95FB-53CD57209D1E}.Debug|Any CPU.Build.0 = Debug|Any CPU
		{DF08A605-9749-4C75-95FB-53CD57209D1E}.Release|Any CPU.ActiveCfg = Release|Any CPU
		{DF08A605-9749-4C75-95FB-53CD57209D1E}.Release|Any CPU.Build.0 = Release|Any CPU
		{5523A229-D654-4A29-B117-F2581447A56E}.Debug|Any CPU.ActiveCfg = Debug|Any CPU
		{5523A229-D654-4A29-B117-F2581447A56E}.Debug|Any CPU.Build.0 = Debug|Any CPU
		{5523A229-D654-4A29-B117-F2581447A56E}.Release|Any CPU.ActiveCfg = Release|Any CPU
		{5523A229-D654-4A29-B117-F2581447A56E}.Release|Any CPU.Build.0 = Release|Any CPU
	EndGlobalSection
	GlobalSection(NestedProjects) = preSolution
		{EFECD70B-6FDE-4BE5-9690-8669FE53204A} = {07C1945F-F0B2-4E76-927C-0105DABC0098}
		{89E9E3D4-B09A-416D-9071-6B878E746659} = {43FD6F8E-2121-4BF4-AB73-8F43C82887A3}
		{AC9E0690-6326-4AF5-B067-DF4BC6E1E8CA} = {7B7A5648-85F7-4DE9-8C4C-B43863530F5E}
		{6EE020CB-FADC-41C0-81F9-83FA8724BC9C} = {43FD6F8E-2121-4BF4-AB73-8F43C82887A3}
	EndGlobalSection
EndGlobal
